
Microsoft Visual Studio Solution File, Format Version 12.00
# Visual Studio Version 17
VisualStudioVersion = 17.9.34701.34
MinimumVisualStudioVersion = 10.0.40219.1
Project("{FAE04EC0-301F-11D3-BF4B-00C04F79EFBC}") = "PCalc", "PCalc\PCalc.csproj", "{5D49BF8A-D4CD-414E-A0F0-AB5327399D7B}"
EndProject
Global
	GlobalSection(SolutionConfigurationPlatforms) = preSolution
		Debug|Any CPU = Debug|Any CPU
		Release|Any CPU = Release|Any CPU
	EndGlobalSection
	GlobalSection(ProjectConfigurationPlatforms) = postSolution
		{5D49BF8A-D4CD-414E-A0F0-AB5327399D7B}.Debug|Any CPU.ActiveCfg = Debug|Any CPU
		{5D49BF8A-D4CD-414E-A0F0-AB5327399D7B}.Debug|Any CPU.Build.0 = Debug|Any CPU
		{5D49BF8A-D4CD-414E-A0F0-AB5327399D7B}.Release|Any CPU.ActiveCfg = Release|Any CPU
		{5D49BF8A-D4CD-414E-A0F0-AB5327399D7B}.Release|Any CPU.Build.0 = Release|Any CPU
	EndGlobalSection
	GlobalSection(SolutionProperties) = preSolution
		HideSolutionNode = FALSE
	EndGlobalSection
	GlobalSection(ExtensibilityGlobals) = postSolution
		SolutionGuid = {636AE7A8-9A8A-4A63-942E-1044C2E7BB6E}
	EndGlobalSection
EndGlobal
